
Microsoft Visual Studio Solution File, Format Version 12.00
# Visual Studio Version 16
VisualStudioVersion = 16.0.31829.152
MinimumVisualStudioVersion = 10.0.40219.1
Project("{FAE04EC0-301F-11D3-BF4B-00C04F79EFBC}") = "Module18_task2_youtubeVideo", "Module18_task2_youtubeVideo\Module18_task2_youtubeVideo.csproj", "{69D87260-193C-4617-935F-B38E839AA6C6}"
EndProject
Global
	GlobalSection(SolutionConfigurationPlatforms) = preSolution
		Debug|Any CPU = Debug|Any CPU
		Release|Any CPU = Release|Any CPU
	EndGlobalSection
	GlobalSection(ProjectConfigurationPlatforms) = postSolution
		{69D87260-193C-4617-935F-B38E839AA6C6}.Debug|Any CPU.ActiveCfg = Debug|Any CPU
		{69D87260-193C-4617-935F-B38E839AA6C6}.Debug|Any CPU.Build.0 = Debug|Any CPU
		{69D87260-193C-4617-935F-B38E839AA6C6}.Release|Any CPU.ActiveCfg = Release|Any CPU
		{69D87260-193C-4617-935F-B38E839AA6C6}.Release|Any CPU.Build.0 = Release|Any CPU
	EndGlobalSection
	GlobalSection(SolutionProperties) = preSolution
		HideSolutionNode = FALSE
	EndGlobalSection
	GlobalSection(ExtensibilityGlobals) = postSolution
		SolutionGuid = {88D80B2D-8593-4F1C-81CC-79641861AFD0}
	EndGlobalSection
EndGlobal
